
Microsoft Visual Studio Solution File, Format Version 12.00
# Visual Studio Version 16
VisualStudioVersion = 16.0.32802.440
MinimumVisualStudioVersion = 10.0.40219.1
Project("{FAE04EC0-301F-11D3-BF4B-00C04F79EFBC}") = "WebVistas", "WebVistas\WebVistas.csproj", "{ECA777B9-83B5-45B4-BBAF-E097B8461399}"
EndProject
Global
	GlobalSection(SolutionConfigurationPlatforms) = preSolution
		Debug|Any CPU = Debug|Any CPU
		Release|Any CPU = Release|Any CPU
	EndGlobalSection
	GlobalSection(ProjectConfigurationPlatforms) = postSolution
		{ECA777B9-83B5-45B4-BBAF-E097B8461399}.Debug|Any CPU.ActiveCfg = Debug|Any CPU
		{ECA777B9-83B5-45B4-BBAF-E097B8461399}.Debug|Any CPU.Build.0 = Debug|Any CPU
		{ECA777B9-83B5-45B4-BBAF-E097B8461399}.Release|Any CPU.ActiveCfg = Release|Any CPU
		{ECA777B9-83B5-45B4-BBAF-E097B8461399}.Release|Any CPU.Build.0 = Release|Any CPU
	EndGlobalSection
	GlobalSection(SolutionProperties) = preSolution
		HideSolutionNode = FALSE
	EndGlobalSection
	GlobalSection(ExtensibilityGlobals) = postSolution
		SolutionGuid = {E3D56706-15AB-4E94-92BD-E4E846C749D3}
	EndGlobalSection
EndGlobal
